
Microsoft Visual Studio Solution File, Format Version 12.00
# Visual Studio 15
VisualStudioVersion = 15.0.27703.2018
MinimumVisualStudioVersion = 10.0.40219.1
Project("{FAE04EC0-301F-11D3-BF4B-00C04F79EFBC}") = "G15Map", "G15Map\G15Map.csproj", "{954D1A18-F37A-4407-9222-73E640883C54}"
EndProject
Global
	GlobalSection(SolutionConfigurationPlatforms) = preSolution
		Debug|Any CPU = Debug|Any CPU
		Release|Any CPU = Release|Any CPU
	EndGlobalSection
	GlobalSection(ProjectConfigurationPlatforms) = postSolution
		{954D1A18-F37A-4407-9222-73E640883C54}.Debug|Any CPU.ActiveCfg = Debug|Any CPU
		{954D1A18-F37A-4407-9222-73E640883C54}.Debug|Any CPU.Build.0 = Debug|Any CPU
		{954D1A18-F37A-4407-9222-73E640883C54}.Release|Any CPU.ActiveCfg = Release|Any CPU
		{954D1A18-F37A-4407-9222-73E640883C54}.Release|Any CPU.Build.0 = Release|Any CPU
	EndGlobalSection
	GlobalSection(SolutionProperties) = preSolution
		HideSolutionNode = FALSE
	EndGlobalSection
	GlobalSection(ExtensibilityGlobals) = postSolution
		SolutionGuid = {E92AF26A-243D-419C-B16B-B22EDA62B416}
	EndGlobalSection
EndGlobal
